// !$*UTF8*$!
{
	archiveVersion = 1;
	classes = {
	};
	objectVersion = 46;
	objects = {

/* Begin PBXBuildFile section */
		66489FEE1ECE325C00B6DED0 /* Realm.framework in Frameworks */ = {isa = PBXBuildFile; fileRef = 66489FEC1ECE325C00B6DED0 /* Realm.framework */; };
		66489FEF1ECE325C00B6DED0 /* RealmSwift.framework in Frameworks */ = {isa = PBXBuildFile; fileRef = 66489FED1ECE325C00B6DED0 /* RealmSwift.framework */; };
		66EC43451ECCD1E70059A623 /* AppDelegate.swift in Sources */ = {isa = PBXBuildFile; fileRef = 66EC43441ECCD1E70059A623 /* AppDelegate.swift */; };
		66EC43471ECCD1E70059A623 /* ViewController.swift in Sources */ = {isa = PBXBuildFile; fileRef = 66EC43461ECCD1E70059A623 /* ViewController.swift */; };
		66EC434A1ECCD1E70059A623 /* Main.storyboard in Resources */ = {isa = PBXBuildFile; fileRef = 66EC43481ECCD1E70059A623 /* Main.storyboard */; };
		66EC434D1ECCD1E70059A623 /* BSNotesApp.xcdatamodeld in Sources */ = {isa = PBXBuildFile; fileRef = 66EC434B1ECCD1E70059A623 /* BSNotesApp.xcdatamodeld */; };
		66EC434F1ECCD1E70059A623 /* Assets.xcassets in Resources */ = {isa = PBXBuildFile; fileRef = 66EC434E1ECCD1E70059A623 /* Assets.xcassets */; };
		66EC43521ECCD1E70059A623 /* LaunchScreen.storyboard in Resources */ = {isa = PBXBuildFile; fileRef = 66EC43501ECCD1E70059A623 /* LaunchScreen.storyboard */; };
		66EC435D1ECCD1E70059A623 /* BSNotesAppTests.swift in Sources */ = {isa = PBXBuildFile; fileRef = 66EC435C1ECCD1E70059A623 /* BSNotesAppTests.swift */; };
		66EC43681ECCD1E70059A623 /* BSNotesAppUITests.swift in Sources */ = {isa = PBXBuildFile; fileRef = 66EC43671ECCD1E70059A623 /* BSNotesAppUITests.swift */; };
		66EC437C1ECCD6290059A623 /* NotesViewController.swift in Sources */ = {isa = PBXBuildFile; fileRef = 66EC437B1ECCD6290059A623 /* NotesViewController.swift */; };
		66EC437F1ECCD6940059A623 /* NotesTableViewCell.swift in Sources */ = {isa = PBXBuildFile; fileRef = 66EC437E1ECCD6940059A623 /* NotesTableViewCell.swift */; };
/* End PBXBuildFile section */

/* Begin PBXContainerItemProxy section */
		66EC43591ECCD1E70059A623 /* PBXContainerItemProxy */ = {
			isa = PBXContainerItemProxy;
			containerPortal = 66EC43391ECCD1E70059A623 /* Project object */;
			proxyType = 1;
			remoteGlobalIDString = 66EC43401ECCD1E70059A623;
			remoteInfo = BSNotesApp;
		};
		66EC43641ECCD1E70059A623 /* PBXContainerItemProxy */ = {
			isa = PBXContainerItemProxy;
			containerPortal = 66EC43391ECCD1E70059A623 /* Project object */;
			proxyType = 1;
			remoteGlobalIDString = 66EC43401ECCD1E70059A623;
			remoteInfo = BSNotesApp;
		};
/* End PBXContainerItemProxy section */

/* Begin PBXFileReference section */
		66489FEC1ECE325C00B6DED0 /* Realm.framework */ = {isa = PBXFileReference; lastKnownFileType = wrapper.framework; path = Realm.framework; sourceTree = "<group>"; };
		66489FED1ECE325C00B6DED0 /* RealmSwift.framework */ = {isa = PBXFileReference; lastKnownFileType = wrapper.framework; path = RealmSwift.framework; sourceTree = "<group>"; };
		66EC43411ECCD1E70059A623 /* BSNotesApp.app */ = {isa = PBXFileReference; explicitFileType = wrapper.application; includeInIndex = 0; path = BSNotesApp.app; sourceTree = BUILT_PRODUCTS_DIR; };
		66EC43441ECCD1E70059A623 /* AppDelegate.swift */ = {isa = PBXFileReference; lastKnownFileType = sourcecode.swift; path = AppDelegate.swift; sourceTree = "<group>"; };
		66EC43461ECCD1E70059A623 /* ViewController.swift */ = {isa = PBXFileReference; lastKnownFileType = sourcecode.swift; path = ViewController.swift; sourceTree = "<group>"; };
		66EC43491ECCD1E70059A623 /* Base */ = {isa = PBXFileReference; lastKnownFileType = file.storyboard; name = Base; path = Base.lproj/Main.storyboard; sourceTree = "<group>"; };
		66EC434C1ECCD1E70059A623 /* BSNotesApp.xcdatamodel */ = {isa = PBXFileReference; lastKnownFileType = wrapper.xcdatamodel; path = BSNotesApp.xcdatamodel; sourceTree = "<group>"; };
		66EC434E1ECCD1E70059A623 /* Assets.xcassets */ = {isa = PBXFileReference; lastKnownFileType = folder.assetcatalog; path = Assets.xcassets; sourceTree = "<group>"; };
		66EC43511ECCD1E70059A623 /* Base */ = {isa = PBXFileReference; lastKnownFileType = file.storyboard; name = Base; path = Base.lproj/LaunchScreen.storyboard; sourceTree = "<group>"; };
		66EC43531ECCD1E70059A623 /* Info.plist */ = {isa = PBXFileReference; lastKnownFileType = text.plist.xml; path = Info.plist; sourceTree = "<group>"; };
		66EC43581ECCD1E70059A623 /* BSNotesAppTests.xctest */ = {isa = PBXFileReference; explicitFileType = wrapper.cfbundle; includeInIndex = 0; path = BSNotesAppTests.xctest; sourceTree = BUILT_PRODUCTS_DIR; };
		66EC435C1ECCD1E70059A623 /* BSNotesAppTests.swift */ = {isa = PBXFileReference; lastKnownFileType = sourcecode.swift; path = BSNotesAppTests.swift; sourceTree = "<group>"; };
		66EC435E1ECCD1E70059A623 /* Info.plist */ = {isa = PBXFileReference; lastKnownFileType = text.plist.xml; path = Info.plist; sourceTree = "<group>"; };
		66EC43631ECCD1E70059A623 /* BSNotesAppUITests.xctest */ = {isa = PBXFileReference; explicitFileType = wrapper.cfbundle; includeInIndex = 0; path = BSNotesAppUITests.xctest; sourceTree = BUILT_PRODUCTS_DIR; };
		66EC43671ECCD1E70059A623 /* BSNotesAppUITests.swift */ = {isa = PBXFileReference; lastKnownFileType = sourcecode.swift; path = BSNotesAppUITests.swift; sourceTree = "<group>"; };
		66EC43691ECCD1E70059A623 /* Info.plist */ = {isa = PBXFileReference; lastKnownFileType = text.plist.xml; path = Info.plist; sourceTree = "<group>"; };
		66EC437B1ECCD6290059A623 /* NotesViewController.swift */ = {isa = PBXFileReference; fileEncoding = 4; lastKnownFileType = sourcecode.swift; path = NotesViewController.swift; sourceTree = "<group>"; };
		66EC437E1ECCD6940059A623 /* NotesTableViewCell.swift */ = {isa = PBXFileReference; fileEncoding = 4; lastKnownFileType = sourcecode.swift; path = NotesTableViewCell.swift; sourceTree = "<group>"; };
/* End PBXFileReference section */

/* Begin PBXFrameworksBuildPhase section */
		66EC433E1ECCD1E70059A623 /* Frameworks */ = {
			isa = PBXFrameworksBuildPhase;
			buildActionMask = 2147483647;
			files = (
				66489FEF1ECE325C00B6DED0 /* RealmSwift.framework in Frameworks */,
				66489FEE1ECE325C00B6DED0 /* Realm.framework in Frameworks */,
			);
			runOnlyForDeploymentPostprocessing = 0;
		};
		66EC43551ECCD1E70059A623 /* Frameworks */ = {
			isa = PBXFrameworksBuildPhase;
			buildActionMask = 2147483647;
			files = (
			);
			runOnlyForDeploymentPostprocessing = 0;
		};
		66EC43601ECCD1E70059A623 /* Frameworks */ = {
			isa = PBXFrameworksBuildPhase;
			buildActionMask = 2147483647;
			files = (
			);
			runOnlyForDeploymentPostprocessing = 0;
		};
/* End PBXFrameworksBuildPhase section */

/* Begin PBXGroup section */
		66489FEB1ECE323700B6DED0 /* Frameworks */ = {
			isa = PBXGroup;
			children = (
				66489FEC1ECE325C00B6DED0 /* Realm.framework */,
				66489FED1ECE325C00B6DED0 /* RealmSwift.framework */,
			);
			path = Frameworks;
			sourceTree = "<group>";
		};
		66EC43381ECCD1E70059A623 = {
			isa = PBXGroup;
			children = (
				66EC43431ECCD1E70059A623 /* BSNotesApp */,
				66EC435B1ECCD1E70059A623 /* BSNotesAppTests */,
				66EC43661ECCD1E70059A623 /* BSNotesAppUITests */,
				66EC43421ECCD1E70059A623 /* Products */,
			);
			sourceTree = "<group>";
		};
		66EC43421ECCD1E70059A623 /* Products */ = {
			isa = PBXGroup;
			children = (
				66EC43411ECCD1E70059A623 /* BSNotesApp.app */,
				66EC43581ECCD1E70059A623 /* BSNotesAppTests.xctest */,
				66EC43631ECCD1E70059A623 /* BSNotesAppUITests.xctest */,
			);
			name = Products;
			sourceTree = "<group>";
		};
		66EC43431ECCD1E70059A623 /* BSNotesApp */ = {
			isa = PBXGroup;
			children = (
				66EC43781ECCD2F30059A623 /* Shared */,
				66EC43751ECCD2EA0059A623 /* Classes */,
				66EC43441ECCD1E70059A623 /* AppDelegate.swift */,
				66EC43461ECCD1E70059A623 /* ViewController.swift */,
				66EC434E1ECCD1E70059A623 /* Assets.xcassets */,
				66EC43501ECCD1E70059A623 /* LaunchScreen.storyboard */,
				66EC43531ECCD1E70059A623 /* Info.plist */,
				66EC434B1ECCD1E70059A623 /* BSNotesApp.xcdatamodeld */,
				66489FEB1ECE323700B6DED0 /* Frameworks */,
			);
			path = BSNotesApp;
			sourceTree = "<group>";
		};
		66EC435B1ECCD1E70059A623 /* BSNotesAppTests */ = {
			isa = PBXGroup;
			children = (
				66EC435C1ECCD1E70059A623 /* BSNotesAppTests.swift */,
				66EC435E1ECCD1E70059A623 /* Info.plist */,
			);
			path = BSNotesAppTests;
			sourceTree = "<group>";
		};
		66EC43661ECCD1E70059A623 /* BSNotesAppUITests */ = {
			isa = PBXGroup;
			children = (
				66EC43671ECCD1E70059A623 /* BSNotesAppUITests.swift */,
				66EC43691ECCD1E70059A623 /* Info.plist */,
			);
			path = BSNotesAppUITests;
			sourceTree = "<group>";
		};
		66EC43751ECCD2EA0059A623 /* Classes */ = {
			isa = PBXGroup;
			children = (
				66EC43761ECCD2EA0059A623 /* Cells */,
				66EC43771ECCD2EA0059A623 /* ViewControllers */,
				66EC437A1ECCD3150059A623 /* Storyboards */,
			);
			path = Classes;
			sourceTree = "<group>";
		};
		66EC43761ECCD2EA0059A623 /* Cells */ = {
			isa = PBXGroup;
			children = (
				66EC437D1ECCD6820059A623 /* TableViewCells */,
			);
			path = Cells;
			sourceTree = "<group>";
		};
		66EC43771ECCD2EA0059A623 /* ViewControllers */ = {
			isa = PBXGroup;
			children = (
				66EC437B1ECCD6290059A623 /* NotesViewController.swift */,
			);
			path = ViewControllers;
			sourceTree = "<group>";
		};
		66EC43781ECCD2F30059A623 /* Shared */ = {
			isa = PBXGroup;
			children = (
				66EC43791ECCD2F30059A623 /* Entities */,
			);
			path = Shared;
			sourceTree = "<group>";
		};
		66EC43791ECCD2F30059A623 /* Entities */ = {
			isa = PBXGroup;
			children = (
			);
			path = Entities;
			sourceTree = "<group>";
		};
		66EC437A1ECCD3150059A623 /* Storyboards */ = {
			isa = PBXGroup;
			children = (
				66EC43481ECCD1E70059A623 /* Main.storyboard */,
			);
			path = Storyboards;
			sourceTree = "<group>";
		};
		66EC437D1ECCD6820059A623 /* TableViewCells */ = {
			isa = PBXGroup;
			children = (
				66EC437E1ECCD6940059A623 /* NotesTableViewCell.swift */,
			);
			path = TableViewCells;
			sourceTree = "<group>";
		};
/* End PBXGroup section */

/* Begin PBXNativeTarget section */
		66EC43401ECCD1E70059A623 /* BSNotesApp */ = {
			isa = PBXNativeTarget;
			buildConfigurationList = 66EC436C1ECCD1E70059A623 /* Build configuration list for PBXNativeTarget "BSNotesApp" */;
			buildPhases = (
				66EC433D1ECCD1E70059A623 /* Sources */,
				66EC433E1ECCD1E70059A623 /* Frameworks */,
				66EC433F1ECCD1E70059A623 /* Resources */,
			);
			buildRules = (
			);
			dependencies = (
			);
			name = BSNotesApp;
			productName = BSNotesApp;
			productReference = 66EC43411ECCD1E70059A623 /* BSNotesApp.app */;
			productType = "com.apple.product-type.application";
		};
		66EC43571ECCD1E70059A623 /* BSNotesAppTests */ = {
			isa = PBXNativeTarget;
			buildConfigurationList = 66EC436F1ECCD1E70059A623 /* Build configuration list for PBXNativeTarget "BSNotesAppTests" */;
			buildPhases = (
				66EC43541ECCD1E70059A623 /* Sources */,
				66EC43551ECCD1E70059A623 /* Frameworks */,
				66EC43561ECCD1E70059A623 /* Resources */,
			);
			buildRules = (
			);
			dependencies = (
				66EC435A1ECCD1E70059A623 /* PBXTargetDependency */,
			);
			name = BSNotesAppTests;
			productName = BSNotesAppTests;
			productReference = 66EC43581ECCD1E70059A623 /* BSNotesAppTests.xctest */;
			productType = "com.apple.product-type.bundle.unit-test";
		};
		66EC43621ECCD1E70059A623 /* BSNotesAppUITests */ = {
			isa = PBXNativeTarget;
			buildConfigurationList = 66EC43721ECCD1E70059A623 /* Build configuration list for PBXNativeTarget "BSNotesAppUITests" */;
			buildPhases = (
				66EC435F1ECCD1E70059A623 /* Sources */,
				66EC43601ECCD1E70059A623 /* Frameworks */,
				66EC43611ECCD1E70059A623 /* Resources */,
			);
			buildRules = (
			);
			dependencies = (
				66EC43651ECCD1E70059A623 /* PBXTargetDependency */,
			);
			name = BSNotesAppUITests;
			productName = BSNotesAppUITests;
			productReference = 66EC43631ECCD1E70059A623 /* BSNotesAppUITests.xctest */;
			productType = "com.apple.product-type.bundle.ui-testing";
		};
/* End PBXNativeTarget section */

/* Begin PBXProject section */
		66EC43391ECCD1E70059A623 /* Project object */ = {
			isa = PBXProject;
			attributes = {
				LastSwiftUpdateCheck = 0830;
				LastUpgradeCheck = 0830;
				ORGANIZATIONNAME = burak;
				TargetAttributes = {
					66EC43401ECCD1E70059A623 = {
						CreatedOnToolsVersion = 8.3.2;
						ProvisioningStyle = Automatic;
					};
					66EC43571ECCD1E70059A623 = {
						CreatedOnToolsVersion = 8.3.2;
						ProvisioningStyle = Automatic;
						TestTargetID = 66EC43401ECCD1E70059A623;
					};
					66EC43621ECCD1E70059A623 = {
						CreatedOnToolsVersion = 8.3.2;
						ProvisioningStyle = Automatic;
						TestTargetID = 66EC43401ECCD1E70059A623;
					};
				};
			};
			buildConfigurationList = 66EC433C1ECCD1E70059A623 /* Build configuration list for PBXProject "BSNotesApp" */;
			compatibilityVersion = "Xcode 3.2";
			developmentRegion = English;
			hasScannedForEncodings = 0;
			knownRegions = (
				en,
				Base,
			);
			mainGroup = 66EC43381ECCD1E70059A623;
			productRefGroup = 66EC43421ECCD1E70059A623 /* Products */;
			projectDirPath = "";
			projectRoot = "";
			targets = (
				66EC43401ECCD1E70059A623 /* BSNotesApp */,
				66EC43571ECCD1E70059A623 /* BSNotesAppTests */,
				66EC43621ECCD1E70059A623 /* BSNotesAppUITests */,
			);
		};
/* End PBXProject section */

/* Begin PBXResourcesBuildPhase section */
		66EC433F1ECCD1E70059A623 /* Resources */ = {
			isa = PBXResourcesBuildPhase;
			buildActionMask = 2147483647;
			files = (
				66EC43521ECCD1E70059A623 /* LaunchScreen.storyboard in Resources */,
				66EC434F1ECCD1E70059A623 /* Assets.xcassets in Resources */,
				66EC434A1ECCD1E70059A623 /* Main.storyboard in Resources */,
			);
			runOnlyForDeploymentPostprocessing = 0;
		};
		66EC43561ECCD1E70059A623 /* Resources */ = {
			isa = PBXResourcesBuildPhase;
			buildActionMask = 2147483647;
			files = (
			);
			runOnlyForDeploymentPostprocessing = 0;
		};
		66EC43611ECCD1E70059A623 /* Resources */ = {
			isa = PBXResourcesBuildPhase;
			buildActionMask = 2147483647;
			files = (
			);
			runOnlyForDeploymentPostprocessing = 0;
		};
/* End PBXResourcesBuildPhase section */

/* Begin PBXSourcesBuildPhase section */
		66EC433D1ECCD1E70059A623 /* Sources */ = {
			isa = PBXSourcesBuildPhase;
			buildActionMask = 2147483647;
			files = (
				66EC437C1ECCD6290059A623 /* NotesViewController.swift in Sources */,
				66EC43471ECCD1E70059A623 /* ViewController.swift in Sources */,
				66EC437F1ECCD6940059A623 /* NotesTableViewCell.swift in Sources */,
				66EC43451ECCD1E70059A623 /* AppDelegate.swift in Sources */,
				66EC434D1ECCD1E70059A623 /* BSNotesApp.xcdatamodeld in Sources */,
			);
			runOnlyForDeploymentPostprocessing = 0;
		};
		66EC43541ECCD1E70059A623 /* Sources */ = {
			isa = PBXSourcesBuildPhase;
			buildActionMask = 2147483647;
			files = (
				66EC435D1ECCD1E70059A623 /* BSNotesAppTests.swift in Sources */,
			);
			runOnlyForDeploymentPostprocessing = 0;
		};
		66EC435F1ECCD1E70059A623 /* Sources */ = {
			isa = PBXSourcesBuildPhase;
			buildActionMask = 2147483647;
			files = (
				66EC43681ECCD1E70059A623 /* BSNotesAppUITests.swift in Sources */,
			);
			runOnlyForDeploymentPostprocessing = 0;
		};
/* End PBXSourcesBuildPhase section */

/* Begin PBXTargetDependency section */
		66EC435A1ECCD1E70059A623 /* PBXTargetDependency */ = {
			isa = PBXTargetDependency;
			target = 66EC43401ECCD1E70059A623 /* BSNotesApp */;
			targetProxy = 66EC43591ECCD1E70059A623 /* PBXContainerItemProxy */;
		};
		66EC43651ECCD1E70059A623 /* PBXTargetDependency */ = {
			isa = PBXTargetDependency;
			target = 66EC43401ECCD1E70059A623 /* BSNotesApp */;
			targetProxy = 66EC43641ECCD1E70059A623 /* PBXContainerItemProxy */;
		};
/* End PBXTargetDependency section */

/* Begin PBXVariantGroup section */
		66EC43481ECCD1E70059A623 /* Main.storyboard */ = {
			isa = PBXVariantGroup;
			children = (
				66EC43491ECCD1E70059A623 /* Base */,
			);
			name = Main.storyboard;
			path = ../..;
			sourceTree = "<group>";
		};
		66EC43501ECCD1E70059A623 /* LaunchScreen.storyboard */ = {
			isa = PBXVariantGroup;
			children = (
				66EC43511ECCD1E70059A623 /* Base */,
			);
			name = LaunchScreen.storyboard;
			sourceTree = "<group>";
		};
/* End PBXVariantGroup section */

/* Begin XCBuildConfiguration section */
		66EC436A1ECCD1E70059A623 /* Debug */ = {
			isa = XCBuildConfiguration;
			buildSettings = {
				ALWAYS_SEARCH_USER_PATHS = NO;
				CLANG_ANALYZER_NONNULL = YES;
				CLANG_ANALYZER_NUMBER_OBJECT_CONVERSION = YES_AGGRESSIVE;
				CLANG_CXX_LANGUAGE_STANDARD = "gnu++0x";
				CLANG_CXX_LIBRARY = "libc++";
				CLANG_ENABLE_MODULES = YES;
				CLANG_ENABLE_OBJC_ARC = YES;
				CLANG_WARN_BOOL_CONVERSION = YES;
				CLANG_WARN_CONSTANT_CONVERSION = YES;
				CLANG_WARN_DIRECT_OBJC_ISA_USAGE = YES_ERROR;
				CLANG_WARN_DOCUMENTATION_COMMENTS = YES;
				CLANG_WARN_EMPTY_BODY = YES;
				CLANG_WARN_ENUM_CONVERSION = YES;
				CLANG_WARN_INFINITE_RECURSION = YES;
				CLANG_WARN_INT_CONVERSION = YES;
				CLANG_WARN_OBJC_ROOT_CLASS = YES_ERROR;
				CLANG_WARN_SUSPICIOUS_MOVE = YES;
				CLANG_WARN_UNREACHABLE_CODE = YES;
				CLANG_WARN__DUPLICATE_METHOD_MATCH = YES;
				"CODE_SIGN_IDENTITY[sdk=iphoneos*]" = "iPhone Developer";
				COPY_PHASE_STRIP = NO;
				DEBUG_INFORMATION_FORMAT = dwarf;
				ENABLE_STRICT_OBJC_MSGSEND = YES;
				ENABLE_TESTABILITY = YES;
				GCC_C_LANGUAGE_STANDARD = gnu99;
				GCC_DYNAMIC_NO_PIC = NO;
				GCC_NO_COMMON_BLOCKS = YES;
				GCC_OPTIMIZATION_LEVEL = 0;
				GCC_PREPROCESSOR_DEFINITIONS = (
					"DEBUG=1",
					"$(inherited)",
				);
				GCC_WARN_64_TO_32_BIT_CONVERSION = YES;
				GCC_WARN_ABOUT_RETURN_TYPE = YES_ERROR;
				GCC_WARN_UNDECLARED_SELECTOR = YES;
				GCC_WARN_UNINITIALIZED_AUTOS = YES_AGGRESSIVE;
				GCC_WARN_UNUSED_FUNCTION = YES;
				GCC_WARN_UNUSED_VARIABLE = YES;
				IPHONEOS_DEPLOYMENT_TARGET = 10.0;
				MTL_ENABLE_DEBUG_INFO = YES;
				ONLY_ACTIVE_ARCH = YES;
				SDKROOT = iphoneos;
				SWIFT_ACTIVE_COMPILATION_CONDITIONS = DEBUG;
				SWIFT_OPTIMIZATION_LEVEL = "-Onone";
			};
			name = Debug;
		};
		66EC436B1ECCD1E70059A623 /* Release */ = {
			isa = XCBuildConfiguration;
			buildSettings = {
				ALWAYS_SEARCH_USER_PATHS = NO;
				CLANG_ANALYZER_NONNULL = YES;
				CLANG_ANALYZER_NUMBER_OBJECT_CONVERSION = YES_AGGRESSIVE;
				CLANG_CXX_LANGUAGE_STANDARD = "gnu++0x";
				CLANG_CXX_LIBRARY = "libc++";
				CLANG_ENABLE_MODULES = YES;
				CLANG_ENABLE_OBJC_ARC = YES;
				CLANG_WARN_BOOL_CONVERSION = YES;
				CLANG_WARN_CONSTANT_CONVERSION = YES;
				CLANG_WARN_DIRECT_OBJC_ISA_USAGE = YES_ERROR;
				CLANG_WARN_DOCUMENTATION_COMMENTS = YES;
				CLANG_WARN_EMPTY_BODY = YES;
				CLANG_WARN_ENUM_CONVERSION = YES;
				CLANG_WARN_INFINITE_RECURSION = YES;
				CLANG_WARN_INT_CONVERSION = YES;
				CLANG_WARN_OBJC_ROOT_CLASS = YES_ERROR;
				CLANG_WARN_SUSPICIOUS_MOVE = YES;
				CLANG_WARN_UNREACHABLE_CODE = YES;
				CLANG_WARN__DUPLICATE_METHOD_MATCH = YES;
				"CODE_SIGN_IDENTITY[sdk=iphoneos*]" = "iPhone Developer";
				COPY_PHASE_STRIP = NO;
				DEBUG_INFORMATION_FORMAT = "dwarf-with-dsym";
				ENABLE_NS_ASSERTIONS = NO;
				ENABLE_STRICT_OBJC_MSGSEND = YES;
				GCC_C_LANGUAGE_STANDARD = gnu99;
				GCC_NO_COMMON_BLOCKS = YES;
				GCC_WARN_64_TO_32_BIT_CONVERSION = YES;
				GCC_WARN_ABOUT_RETURN_TYPE = YES_ERROR;
				GCC_WARN_UNDECLARED_SELECTOR = YES;
				GCC_WARN_UNINITIALIZED_AUTOS = YES_AGGRESSIVE;
				GCC_WARN_UNUSED_FUNCTION = YES;
				GCC_WARN_UNUSED_VARIABLE = YES;
				IPHONEOS_DEPLOYMENT_TARGET = 10.0;
				MTL_ENABLE_DEBUG_INFO = NO;
				SDKROOT = iphoneos;
				SWIFT_OPTIMIZATION_LEVEL = "-Owholemodule";
				VALIDATE_PRODUCT = YES;
			};
			name = Release;
		};
		66EC436D1ECCD1E70059A623 /* Debug */ = {
			isa = XCBuildConfiguration;
			buildSettings = {
				ASSETCATALOG_COMPILER_APPICON_NAME = AppIcon;
				FRAMEWORK_SEARCH_PATHS = (
					"$(inherited)",
					"$(PROJECT_DIR)/BSNotesApp/Frameworks",
				);
				INFOPLIST_FILE = BSNotesApp/Info.plist;
				LD_RUNPATH_SEARCH_PATHS = "$(inherited) @executable_path/Frameworks";
				PRODUCT_BUNDLE_IDENTIFIER = com.burak.BSNotesApp;
				PRODUCT_NAME = "$(TARGET_NAME)";
				SWIFT_VERSION = 3.0;
			};
			name = Debug;
		};
		66EC436E1ECCD1E70059A623 /* Release */ = {
			isa = XCBuildConfiguration;
			buildSettings = {
				ASSETCATALOG_COMPILER_APPICON_NAME = AppIcon;
				FRAMEWORK_SEARCH_PATHS = (
					"$(inherited)",
					"$(PROJECT_DIR)/BSNotesApp/Frameworks",
				);
				INFOPLIST_FILE = BSNotesApp/Info.plist;
				LD_RUNPATH_SEARCH_PATHS = "$(inherited) @executable_path/Frameworks";
				PRODUCT_BUNDLE_IDENTIFIER = com.burak.BSNotesApp;
				PRODUCT_NAME = "$(TARGET_NAME)";
				SWIFT_VERSION = 3.0;
			};
			name = Release;
		};
		66EC43701ECCD1E70059A623 /* Debug */ = {
			isa = XCBuildConfiguration;
			buildSettings = {
				ALWAYS_EMBED_SWIFT_STANDARD_LIBRARIES = YES;
				BUNDLE_LOADER = "$(TEST_HOST)";
				INFOPLIST_FILE = BSNotesAppTests/Info.plist;
				LD_RUNPATH_SEARCH_PATHS = "$(inherited) @executable_path/Frameworks @loader_path/Frameworks";
				PRODUCT_BUNDLE_IDENTIFIER = com.burak.BSNotesAppTests;
				PRODUCT_NAME = "$(TARGET_NAME)";
				SWIFT_VERSION = 3.0;
				TEST_HOST = "$(BUILT_PRODUCTS_DIR)/BSNotesApp.app/BSNotesApp";
			};
			name = Debug;
		};
		66EC43711ECCD1E70059A623 /* Release */ = {
			isa = XCBuildConfiguration;
			buildSettings = {
				ALWAYS_EMBED_SWIFT_STANDARD_LIBRARIES = YES;
				BUNDLE_LOADER = "$(TEST_HOST)";
				INFOPLIST_FILE = BSNotesAppTests/Info.plist;
				LD_RUNPATH_SEARCH_PATHS = "$(inherited) @executable_path/Frameworks @loader_path/Frameworks";
				PRODUCT_BUNDLE_IDENTIFIER = com.burak.BSNotesAppTests;
				PRODUCT_NAME = "$(TARGET_NAME)";
				SWIFT_VERSION = 3.0;
				TEST_HOST = "$(BUILT_PRODUCTS_DIR)/BSNotesApp.app/BSNotesApp";
			};
			name = Release;
		};
		66EC43731ECCD1E70059A623 /* Debug */ = {
			isa = XCBuildConfiguration;
			buildSettings = {
				ALWAYS_EMBED_SWIFT_STANDARD_LIBRARIES = YES;
				INFOPLIST_FILE = BSNotesAppUITests/Info.plist;
				LD_RUNPATH_SEARCH_PATHS = "$(inherited) @executable_path/Frameworks @loader_path/Frameworks";
				PRODUCT_BUNDLE_IDENTIFIER = com.burak.BSNotesAppUITests;
				PRODUCT_NAME = "$(TARGET_NAME)";
				SWIFT_VERSION = 3.0;
				TEST_TARGET_NAME = BSNotesApp;
			};
			name = Debug;
		};
		66EC43741ECCD1E70059A623 /* Release */ = {
			isa = XCBuildConfiguration;
			buildSettings = {
				ALWAYS_EMBED_SWIFT_STANDARD_LIBRARIES = YES;
				INFOPLIST_FILE = BSNotesAppUITests/Info.plist;
				LD_RUNPATH_SEARCH_PATHS = "$(inherited) @executable_path/Frameworks @loader_path/Frameworks";
				PRODUCT_BUNDLE_IDENTIFIER = com.burak.BSNotesAppUITests;
				PRODUCT_NAME = "$(TARGET_NAME)";
				SWIFT_VERSION = 3.0;
				TEST_TARGET_NAME = BSNotesApp;
			};
			name = Release;
		};
/* End XCBuildConfiguration section */

/* Begin XCConfigurationList section */
		66EC433C1ECCD1E70059A623 /* Build configuration list for PBXProject "BSNotesApp" */ = {
			isa = XCConfigurationList;
			buildConfigurations = (
				66EC436A1ECCD1E70059A623 /* Debug */,
				66EC436B1ECCD1E70059A623 /* Release */,
			);
			defaultConfigurationIsVisible = 0;
			defaultConfigurationName = Release;
		};
		66EC436C1ECCD1E70059A623 /* Build configuration list for PBXNativeTarget "BSNotesApp" */ = {
			isa = XCConfigurationList;
			buildConfigurations = (
				66EC436D1ECCD1E70059A623 /* Debug */,
				66EC436E1ECCD1E70059A623 /* Release */,
			);
			defaultConfigurationIsVisible = 0;
			defaultConfigurationName = Release;
		};
		66EC436F1ECCD1E70059A623 /* Build configuration list for PBXNativeTarget "BSNotesAppTests" */ = {
			isa = XCConfigurationList;
			buildConfigurations = (
				66EC43701ECCD1E70059A623 /* Debug */,
				66EC43711ECCD1E70059A623 /* Release */,
			);
			defaultConfigurationIsVisible = 0;
			defaultConfigurationName = Release;
		};
		66EC43721ECCD1E70059A623 /* Build configuration list for PBXNativeTarget "BSNotesAppUITests" */ = {
			isa = XCConfigurationList;
			buildConfigurations = (
				66EC43731ECCD1E70059A623 /* Debug */,
				66EC43741ECCD1E70059A623 /* Release */,
			);
			defaultConfigurationIsVisible = 0;
			defaultConfigurationName = Release;
		};
/* End XCConfigurationList section */

/* Begin XCVersionGroup section */
		66EC434B1ECCD1E70059A623 /* BSNotesApp.xcdatamodeld */ = {
			isa = XCVersionGroup;
			children = (
				66EC434C1ECCD1E70059A623 /* BSNotesApp.xcdatamodel */,
			);
			currentVersion = 66EC434C1ECCD1E70059A623 /* BSNotesApp.xcdatamodel */;
			path = BSNotesApp.xcdatamodeld;
			sourceTree = "<group>";
			versionGroupType = wrapper.xcdatamodel;
		};
/* End XCVersionGroup section */
	};
	rootObject = 66EC43391ECCD1E70059A623 /* Project object */;
}
